PODS:
  - CocoaProxy (0.1.1)
  - InfiniteLayout (0.4):
    - CocoaProxy (~> 0)
    - InfiniteLayout/Core (= 0.4)
  - InfiniteLayout/Core (0.4):
    - CocoaProxy (~> 0)
  - InfinitePicker/Core (0.2.6):
    - InfiniteLayout (~> 0.2)
  - InfinitePicker/Rx (0.2.6):
    - InfiniteLayout (~> 0.2)
    - InfinitePicker/Core (~> 0)
    - RxCocoa (~> 5)
    - RxSwift (~> 5)
  - RxCocoa (5.0.0):
    - RxRelay (~> 5)
    - RxSwift (~> 5)
  - RxRelay (5.0.0):
    - RxSwift (~> 5)
  - RxSwift (5.0.0)
  - ShapeView (0.6)
  - SnapKit (5.0.0)

DEPENDENCIES:
  - InfinitePicker/Rx (from `../`)
  - RxCocoa
  - RxSwift
  - ShapeView
  - SnapKit

SPEC REPOS:
  https://github.com/cocoapods/specs.git:
    - CocoaProxy
    - InfiniteLayout
    - RxCocoa
    - RxRelay
    - RxSwift
    - ShapeView
    - SnapKit

EXTERNAL SOURCES:
  InfinitePicker:
    :path: "../"

SPEC CHECKSUMS:
  CocoaProxy: 35ab81e24325b33834cffe45a3d1fd48ca67ef3a
  InfiniteLayout: 3d3fd5e97c10ad0aa18bd7c687be0a0ee7289b30
  InfinitePicker: 484b48fbd6b55e115525846b33e41f98fb2b286e
  RxCocoa: fcf32050ac00d801f34a7f71d5e8e7f23026dcd8
  RxRelay: 4f7409406a51a55cd88483f21ed898c234d60f18
  RxSwift: 8b0671caa829a763bbce7271095859121cbd895f
  ShapeView: bc9816f61b15d1069513826745c0b9c135826035
  SnapKit: fd22d10eb9aff484d79a8724eab922c1ddf89bcf

PODFILE CHECKSUM: cedf19dee7c67160700e08abe6f9bb87f36731ff

COCOAPODS: 1.6.1
